<?xml version="1.0" encoding="UTF-8" standalone="yes" ?>
<CodeBlocks_project_file>
	<FileVersion major="1" minor="6" />
	<Project>
		<Option title="Algorithms" />
		<Option pch_mode="2" />
		<Option compiler="cygwin" />
		<Build>
			<Target title="Debug">
				<Option output="bin/Debug/Algorithms" prefix_auto="1" extension_auto="1" />
				<Option working_dir="" />
				<Option object_output="obj/Debug/" />
				<Option type="2" />
				<Option compiler="cygwin" />
				<Compiler>
					<Add option="-std=c++14" />
					<Add option="-g" />
					<Add directory="D:/Data/Desktop/Algorithms/include" />
				</Compiler>
				<Linker>
					<Add directory="D:/Data/Desktop/Algorithms/" />
				</Linker>
			</Target>
			<Target title="Release">
				<Option output="bin/Release/Algorithms" prefix_auto="1" extension_auto="1" />
				<Option working_dir="" />
				<Option object_output="obj/Release/" />
				<Option type="2" />
				<Option compiler="cygwin" />
				<Compiler>
					<Add option="-O2" />
				</Compiler>
			</Target>
		</Build>
		<Compiler>
			<Add option="-Wall" />
			<Add option="-fexceptions" />
		</Compiler>
		<Unit filename="include/Polynomial.h" />
		<Unit filename="include/searching.h" />
		<Unit filename="include/sorting.h" />
		<Unit filename="searching/binarysearch.cpp" />
		<Unit filename="searching/inversion.cpp">
			<Option compile="0" />
			<Option link="0" />
		</Unit>
		<Unit filename="sorting/insertionsort.cpp">
			<Option compile="0" />
			<Option link="0" />
		</Unit>
		<Unit filename="sorting/mergesort.cpp">
			<Option compile="0" />
			<Option link="0" />
		</Unit>
		<Unit filename="src/Polynomial.cpp">
			<Option compile="0" />
			<Option link="0" />
		</Unit>
		<Extensions>
			<code_completion />
			<envvars />
			<debugger />
			<lib_finder disable_auto="1" />
		</Extensions>
	</Project>
</CodeBlocks_project_file>
