<?xml version="1.0" encoding="UTF-8" standalone="yes" ?>
<CodeBlocks_project_file>
	<FileVersion major="1" minor="6" />
	<Project>
		<Option title="AlgorithmLib" />
		<Option pch_mode="2" />
		<Option compiler="cygwin" />
		<Build>
			<Target title="Debug">
				<Option output="bin/Debug/AlgorithmLib" prefix_auto="1" extension_auto="1" />
				<Option working_dir="" />
				<Option object_output="obj/Debug/" />
				<Option type="2" />
				<Option compiler="cygwin" />
				<Option createDefFile="1" />
				<Compiler>
					<Add option="-Wall" />
					<Add option="-g" />
				</Compiler>
			</Target>
			<Target title="Release">
				<Option output="bin/Release/AlgorithmLib" prefix_auto="1" extension_auto="1" />
				<Option working_dir="" />
				<Option object_output="obj/Release/" />
				<Option type="2" />
				<Option compiler="cygwin" />
				<Option createDefFile="1" />
				<Compiler>
					<Add option="-Wall" />
					<Add option="-O2" />
				</Compiler>
			</Target>
		</Build>
		<Unit filename="include/Fraction.h" />
		<Unit filename="include/Graph.h" />
		<Unit filename="include/Heap.h" />
		<Unit filename="include/Matrix.h" />
		<Unit filename="include/Permutation.h" />
		<Unit filename="include/Polynomial.h" />
		<Unit filename="include/adjList.h" />
		<Unit filename="include/adjMatrix.h" />
		<Unit filename="include/graphDB.h" />
		<Unit filename="include/searching.h" />
		<Unit filename="include/sorting.h" />
		<Unit filename="searching/binarysearch.cpp">
			<Option compile="0" />
			<Option link="0" />
		</Unit>
		<Unit filename="searching/inversion.cpp">
			<Option compile="0" />
			<Option link="0" />
		</Unit>
		<Unit filename="sorting/heapsort.cpp">
			<Option compile="0" />
			<Option link="0" />
		</Unit>
		<Unit filename="sorting/insertionsort.cpp">
			<Option compile="0" />
			<Option link="0" />
		</Unit>
		<Unit filename="sorting/mergesort.cpp">
			<Option compile="0" />
			<Option link="0" />
		</Unit>
		<Unit filename="src/Fraction/Fraction.cpp" />
		<Unit filename="src/Graph/Graph.cpp" />
		<Unit filename="src/Graph/adjList.cpp" />
		<Unit filename="src/Graph/adjMatrix.cpp" />
		<Unit filename="src/Graph/graphDB.cpp" />
		<Unit filename="src/Heap/Heap.cpp">
			<Option compile="0" />
			<Option link="0" />
		</Unit>
		<Unit filename="src/Matrix/Matrix.cpp">
			<Option compile="0" />
			<Option link="0" />
		</Unit>
		<Unit filename="src/Permutation/Permutation.cpp">
			<Option compile="0" />
			<Option link="0" />
		</Unit>
		<Unit filename="src/Polynomial/IntPolynomial.cpp" />
		<Unit filename="src/Polynomial/Polynomial.cpp">
			<Option compile="0" />
			<Option link="0" />
		</Unit>
		<Extensions>
			<code_completion />
			<envvars />
			<debugger />
			<lib_finder disable_auto="1" />
		</Extensions>
	</Project>
</CodeBlocks_project_file>
